
Microsoft Visual Studio Solution File, Format Version 12.00
Project("{FAE04EC0-301F-11D3-BF4B-00C04F79EFBC}") = "JubinHouse1", "JubinHouse1\JubinHouse1.csproj", "{AEFAE65A-C239-4A05-B6FF-12BB0CB466B0}"
EndProject
Global
	GlobalSection(SolutionConfigurationPlatforms) = preSolution
		Debug|Any CPU = Debug|Any CPU
		Release|Any CPU = Release|Any CPU
	EndGlobalSection
	GlobalSection(ProjectConfigurationPlatforms) = postSolution
		{AEFAE65A-C239-4A05-B6FF-12BB0CB466B0}.Debug|Any CPU.ActiveCfg = Debug|Any CPU
		{AEFAE65A-C239-4A05-B6FF-12BB0CB466B0}.Debug|Any CPU.Build.0 = Debug|Any CPU
		{AEFAE65A-C239-4A05-B6FF-12BB0CB466B0}.Release|Any CPU.ActiveCfg = Release|Any CPU
		{AEFAE65A-C239-4A05-B6FF-12BB0CB466B0}.Release|Any CPU.Build.0 = Release|Any CPU
	EndGlobalSection
EndGlobal
